{
  "name": "chai-logo-production-v1",
  "lockfileVersion": 3,
  "requires": true,
  "packages": {
    "": {
      "name": "chai-logo-production-v1",
      "dependencies": {
        "@fontsource-variable/noto-sans-devanagari": "5.2.8",
        "gsap": "3.13.0"
      }
    },
    "node_modules/@fontsource-variable/noto-sans-devanagari": {
      "version": "5.2.8",
      "resolved": "https://registry.npmjs.org/@fontsource-variable/noto-sans-devanagari/-/noto-sans-devanagari-5.2.8.tgz",
      "integrity": "sha512-KogMgbXfY/gGtuubU+Pc/vV5Tc4zggObUppNKcSKIRixGUBM1gZdBTpEtS6Q6Cyr9kaIH7081npaxEx3zLlBnA==",
      "license": "OFL-1.1",
      "funding": {
        "url": "https://github.com/sponsors/ayuhito"
      }
    },
    "node_modules/gsap": {
      "version": "3.13.0",
      "resolved": "https://registry.npmjs.org/gsap/-/gsap-3.13.0.tgz",
      "integrity": "sha512-QL7MJ2WMjm1PHWsoFrAQH/J8wUeqZvMtHO58qdekHpCfhvhSL4gSiz6vJf5EeMP0LOn3ZCprL2ki/gjED8ghVw==",
      "license": "Standard 'no charge' license: https://gsap.com/standard-license."
    }
  }
}
